
Microsoft Visual Studio Solution File, Format Version 12.00
# Visual Studio Version 17
VisualStudioVersion = 17.2.32630.192
MinimumVisualStudioVersion = 10.0.40219.1
Project("{2150E333-8FDC-42A3-9474-1A3956D46DE8}") = "src", "src", "{ED0802CC-289D-4F79-AC77-3BBEF95752CD}"
EndProject
Project("{2150E333-8FDC-42A3-9474-1A3956D46DE8}") = "Core", "Core", "{7254DFDC-0824-4641-B789-942902BBAF94}"
EndProject
Project("{2150E333-8FDC-42A3-9474-1A3956D46DE8}") = "Infraestructure", "Infraestructure", "{7B35EA7A-D036-41A3-A004-AD2D48EE901B}"
EndProject
Project("{2150E333-8FDC-42A3-9474-1A3956D46DE8}") = "Presentation", "Presentation", "{524D4F69-11FF-4364-AC1E-0BB8C04FCDA9}"
EndProject
Project("{FAE04EC0-301F-11D3-BF4B-00C04F79EFBC}") = "Application", "Application\Application.csproj", "{FA2E399C-4AD5-4EB9-B43F-185F81871CC5}"
EndProject
Project("{FAE04EC0-301F-11D3-BF4B-00C04F79EFBC}") = "Domain", "Domain\Domain.csproj", "{9741EEDB-A202-41A5-81A2-0192B24C255B}"
EndProject
Project("{FAE04EC0-301F-11D3-BF4B-00C04F79EFBC}") = "Persistence", "Persistence\Persistence.csproj", "{B4562DA5-8C65-4085-8C9D-F6C4B0603B4E}"
EndProject
Project("{FAE04EC0-301F-11D3-BF4B-00C04F79EFBC}") = "Shared", "Shared\Shared.csproj", "{A8D14989-5FEE-4ED2-915B-8E216EE38D8E}"
EndProject
Project("{FAE04EC0-301F-11D3-BF4B-00C04F79EFBC}") = "WebAPI", "WebAPI\WebAPI.csproj", "{00FFA7AB-CBE1-4B97-B39E-FB32159D7E03}"
EndProject
Global
	GlobalSection(SolutionConfigurationPlatforms) = preSolution
		Debug|Any CPU = Debug|Any CPU
		Release|Any CPU = Release|Any CPU
	EndGlobalSection
	GlobalSection(ProjectConfigurationPlatforms) = postSolution
		{FA2E399C-4AD5-4EB9-B43F-185F81871CC5}.Debug|Any CPU.ActiveCfg = Debug|Any CPU
		{FA2E399C-4AD5-4EB9-B43F-185F81871CC5}.Debug|Any CPU.Build.0 = Debug|Any CPU
		{FA2E399C-4AD5-4EB9-B43F-185F81871CC5}.Release|Any CPU.ActiveCfg = Release|Any CPU
		{FA2E399C-4AD5-4EB9-B43F-185F81871CC5}.Release|Any CPU.Build.0 = Release|Any CPU
		{9741EEDB-A202-41A5-81A2-0192B24C255B}.Debug|Any CPU.ActiveCfg = Debug|Any CPU
		{9741EEDB-A202-41A5-81A2-0192B24C255B}.Debug|Any CPU.Build.0 = Debug|Any CPU
		{9741EEDB-A202-41A5-81A2-0192B24C255B}.Release|Any CPU.ActiveCfg = Release|Any CPU
		{9741EEDB-A202-41A5-81A2-0192B24C255B}.Release|Any CPU.Build.0 = Release|Any CPU
		{B4562DA5-8C65-4085-8C9D-F6C4B0603B4E}.Debug|Any CPU.ActiveCfg = Debug|Any CPU
		{B4562DA5-8C65-4085-8C9D-F6C4B0603B4E}.Debug|Any CPU.Build.0 = Debug|Any CPU
		{B4562DA5-8C65-4085-8C9D-F6C4B0603B4E}.Release|Any CPU.ActiveCfg = Release|Any CPU
		{B4562DA5-8C65-4085-8C9D-F6C4B0603B4E}.Release|Any CPU.Build.0 = Release|Any CPU
		{A8D14989-5FEE-4ED2-915B-8E216EE38D8E}.Debug|Any CPU.ActiveCfg = Debug|Any CPU
		{A8D14989-5FEE-4ED2-915B-8E216EE38D8E}.Debug|Any CPU.Build.0 = Debug|Any CPU
		{A8D14989-5FEE-4ED2-915B-8E216EE38D8E}.Release|Any CPU.ActiveCfg = Release|Any CPU
		{A8D14989-5FEE-4ED2-915B-8E216EE38D8E}.Release|Any CPU.Build.0 = Release|Any CPU
		{00FFA7AB-CBE1-4B97-B39E-FB32159D7E03}.Debug|Any CPU.ActiveCfg = Debug|Any CPU
		{00FFA7AB-CBE1-4B97-B39E-FB32159D7E03}.Debug|Any CPU.Build.0 = Debug|Any CPU
		{00FFA7AB-CBE1-4B97-B39E-FB32159D7E03}.Release|Any CPU.ActiveCfg = Release|Any CPU
		{00FFA7AB-CBE1-4B97-B39E-FB32159D7E03}.Release|Any CPU.Build.0 = Release|Any CPU
	EndGlobalSection
	GlobalSection(SolutionProperties) = preSolution
		HideSolutionNode = FALSE
	EndGlobalSection
	GlobalSection(NestedProjects) = preSolution
		{7254DFDC-0824-4641-B789-942902BBAF94} = {ED0802CC-289D-4F79-AC77-3BBEF95752CD}
		{7B35EA7A-D036-41A3-A004-AD2D48EE901B} = {ED0802CC-289D-4F79-AC77-3BBEF95752CD}
		{524D4F69-11FF-4364-AC1E-0BB8C04FCDA9} = {ED0802CC-289D-4F79-AC77-3BBEF95752CD}
		{FA2E399C-4AD5-4EB9-B43F-185F81871CC5} = {7254DFDC-0824-4641-B789-942902BBAF94}
		{9741EEDB-A202-41A5-81A2-0192B24C255B} = {7254DFDC-0824-4641-B789-942902BBAF94}
		{B4562DA5-8C65-4085-8C9D-F6C4B0603B4E} = {7B35EA7A-D036-41A3-A004-AD2D48EE901B}
		{A8D14989-5FEE-4ED2-915B-8E216EE38D8E} = {7B35EA7A-D036-41A3-A004-AD2D48EE901B}
		{00FFA7AB-CBE1-4B97-B39E-FB32159D7E03} = {524D4F69-11FF-4364-AC1E-0BB8C04FCDA9}
	EndGlobalSection
	GlobalSection(ExtensibilityGlobals) = postSolution
		SolutionGuid = {D39BD081-57F3-4EA6-9B7B-AC29A2F06518}
	EndGlobalSection
EndGlobal
